
Microsoft Visual Studio Solution File, Format Version 12.00
# Visual Studio 2012
Project("{FAE04EC0-301F-11D3-BF4B-00C04F79EFBC}") = "TestltiOS10LinkError", "TestltiOS10LinkError\TestltiOS10LinkError.csproj", "{9732CBD3-9D55-4DED-BFC5-CFDD144E112F}"
EndProject
Global
	GlobalSection(SolutionConfigurationPlatforms) = preSolution
		Debug|iPhoneSimulator = Debug|iPhoneSimulator
		Release|iPhone = Release|iPhone
		Release|iPhoneSimulator = Release|iPhoneSimulator
		Debug|iPhone = Debug|iPhone
	EndGlobalSection
	GlobalSection(ProjectConfigurationPlatforms) = postSolution
		{9732CBD3-9D55-4DED-BFC5-CFDD144E112F}.Debug|iPhoneSimulator.ActiveCfg = Debug|iPhoneSimulator
		{9732CBD3-9D55-4DED-BFC5-CFDD144E112F}.Debug|iPhoneSimulator.Build.0 = Debug|iPhoneSimulator
		{9732CBD3-9D55-4DED-BFC5-CFDD144E112F}.Release|iPhone.ActiveCfg = Release|iPhone
		{9732CBD3-9D55-4DED-BFC5-CFDD144E112F}.Release|iPhone.Build.0 = Release|iPhone
		{9732CBD3-9D55-4DED-BFC5-CFDD144E112F}.Release|iPhoneSimulator.ActiveCfg = Release|iPhoneSimulator
		{9732CBD3-9D55-4DED-BFC5-CFDD144E112F}.Release|iPhoneSimulator.Build.0 = Release|iPhoneSimulator
		{9732CBD3-9D55-4DED-BFC5-CFDD144E112F}.Debug|iPhone.ActiveCfg = Debug|iPhone
		{9732CBD3-9D55-4DED-BFC5-CFDD144E112F}.Debug|iPhone.Build.0 = Debug|iPhone
	EndGlobalSection
EndGlobal
